# This file is automatically @generated by Cargo.
# It is not intended for manual editing.
version = 4

[[package]]
name = "buddy-application"
version = "0.1.0"
dependencies = [
 "buddy-domain",
]

[[package]]
name = "buddy-board-adapter"
version = "0.1.0"
dependencies = [
 "buddy-domain",
]

[[package]]
name = "buddy-domain"
version = "0.1.0"

[[package]]
name = "buddy-runtime-adapter"
version = "0.1.0"
dependencies = [
 "buddy-domain",
]
